
Microsoft Visual Studio Solution File, Format Version 12.00
# Visual Studio Version 16
VisualStudioVersion = 16.0.30204.135
MinimumVisualStudioVersion = 10.0.40219.1
Project("{FAE04EC0-301F-11D3-BF4B-00C04F79EFBC}") = "CalcMVC07102020", "CalcMVC07102020\CalcMVC07102020.csproj", "{4385A1D4-F50C-4E05-A578-9CF86E13527A}"
EndProject
Global
	GlobalSection(SolutionConfigurationPlatforms) = preSolution
		Debug|Any CPU = Debug|Any CPU
		Release|Any CPU = Release|Any CPU
	EndGlobalSection
	GlobalSection(ProjectConfigurationPlatforms) = postSolution
		{4385A1D4-F50C-4E05-A578-9CF86E13527A}.Debug|Any CPU.ActiveCfg = Debug|Any CPU
		{4385A1D4-F50C-4E05-A578-9CF86E13527A}.Debug|Any CPU.Build.0 = Debug|Any CPU
		{4385A1D4-F50C-4E05-A578-9CF86E13527A}.Release|Any CPU.ActiveCfg = Release|Any CPU
		{4385A1D4-F50C-4E05-A578-9CF86E13527A}.Release|Any CPU.Build.0 = Release|Any CPU
	EndGlobalSection
	GlobalSection(SolutionProperties) = preSolution
		HideSolutionNode = FALSE
	EndGlobalSection
	GlobalSection(ExtensibilityGlobals) = postSolution
		SolutionGuid = {9A50E01F-D53A-4177-BCC3-A6C4E013F024}
	EndGlobalSection
EndGlobal
